
Microsoft Visual Studio Solution File, Format Version 12.00
Project("{FAE04EC0-301F-11D3-BF4B-00C04F79EFBC}") = "MyIdentityServer4", "MyIdentityServer4\MyIdentityServer4.csproj", "{3752FFD0-0A3D-4172-952E-18F1AF05E090}"
EndProject
Project("{FAE04EC0-301F-11D3-BF4B-00C04F79EFBC}") = "MyTestWebAPI", "MyTestWebAPI\MyTestWebAPI.csproj", "{C6759D40-6211-4EEB-AF75-446E6D3D8B8C}"
EndProject
Global
	GlobalSection(SolutionConfigurationPlatforms) = preSolution
		Debug|Any CPU = Debug|Any CPU
		Release|Any CPU = Release|Any CPU
	EndGlobalSection
	GlobalSection(ProjectConfigurationPlatforms) = postSolution
		{3752FFD0-0A3D-4172-952E-18F1AF05E090}.Debug|Any CPU.ActiveCfg = Debug|Any CPU
		{3752FFD0-0A3D-4172-952E-18F1AF05E090}.Debug|Any CPU.Build.0 = Debug|Any CPU
		{3752FFD0-0A3D-4172-952E-18F1AF05E090}.Release|Any CPU.ActiveCfg = Release|Any CPU
		{3752FFD0-0A3D-4172-952E-18F1AF05E090}.Release|Any CPU.Build.0 = Release|Any CPU
		{C6759D40-6211-4EEB-AF75-446E6D3D8B8C}.Debug|Any CPU.ActiveCfg = Debug|Any CPU
		{C6759D40-6211-4EEB-AF75-446E6D3D8B8C}.Debug|Any CPU.Build.0 = Debug|Any CPU
		{C6759D40-6211-4EEB-AF75-446E6D3D8B8C}.Release|Any CPU.ActiveCfg = Release|Any CPU
		{C6759D40-6211-4EEB-AF75-446E6D3D8B8C}.Release|Any CPU.Build.0 = Release|Any CPU
	EndGlobalSection
EndGlobal
